{
  "name": "portfolio_JensSmit",
  "lockfileVersion": 3,
  "requires": true,
  "packages": {
    "": {
      "dependencies": {
        "@tiptap/extension-text-align": "^3.28.0"
      }
    },
    "node_modules/@tiptap/extension-text-align": {
      "version": "3.28.0",
      "resolved": "https://registry.npmjs.org/@tiptap/extension-text-align/-/extension-text-align-3.28.0.tgz",
      "integrity": "sha512-P+KQMTtCpLFq9dRvy/fbyu2BGALulT/1HtsLbpFG4tKATaKa+cFnJ7rLZF7b3AdAMDNtXdnivxAtixAMBt2QWw==",
      "license": "MIT",
      "funding": {
        "type": "github",
        "url": "https://github.com/sponsors/ueberdosis"
      },
      "peerDependencies": {
        "@tiptap/core": "3.28.0"
      }
    }
  }
}
